
Microsoft Visual Studio Solution File, Format Version 12.00
# Visual Studio 15
VisualStudioVersion = 15.0.26730.16
MinimumVisualStudioVersion = 10.0.40219.1
Project("{FAE04EC0-301F-11D3-BF4B-00C04F79EFBC}") = "ScreenGun", "ScreenGun\ScreenGun.csproj", "{DDDDD83E-69D3-44ED-B9A4-19E7FBF9FEDB}"
EndProject
Global
	GlobalSection(SolutionConfigurationPlatforms) = preSolution
		Debug|Any CPU = Debug|Any CPU
		Release|Any CPU = Release|Any CPU
	EndGlobalSection
	GlobalSection(ProjectConfigurationPlatforms) = postSolution
		{DDDDD83E-69D3-44ED-B9A4-19E7FBF9FEDB}.Debug|Any CPU.ActiveCfg = Debug|Any CPU
		{DDDDD83E-69D3-44ED-B9A4-19E7FBF9FEDB}.Debug|Any CPU.Build.0 = Debug|Any CPU
		{DDDDD83E-69D3-44ED-B9A4-19E7FBF9FEDB}.Release|Any CPU.ActiveCfg = Release|Any CPU
		{DDDDD83E-69D3-44ED-B9A4-19E7FBF9FEDB}.Release|Any CPU.Build.0 = Release|Any CPU
	EndGlobalSection
	GlobalSection(SolutionProperties) = preSolution
		HideSolutionNode = FALSE
	EndGlobalSection
	GlobalSection(ExtensibilityGlobals) = postSolution
		SolutionGuid = {60E0E991-9D20-4E72-B84C-B0C3170F938E}
	EndGlobalSection
EndGlobal
